
Microsoft Visual Studio Solution File, Format Version 12.00
# Visual Studio Version 16
VisualStudioVersion = 16.0.30523.141
MinimumVisualStudioVersion = 10.0.40219.1
Project("{9A19103F-16F7-4668-BE54-9A1E7A4F7556}") = "FortyThreeLime.Models", "FortyThreeLime.Models\FortyThreeLime.Models.csproj", "{A1AF6649-B05C-4D2C-9B39-AD49D5BD4A25}"
EndProject
Project("{9A19103F-16F7-4668-BE54-9A1E7A4F7556}") = "FortyThreeLime.Data", "FortyThreeLime.Data\FortyThreeLime.Data.csproj", "{749B0BD4-8DEE-40E4-91B2-929FFD027CAC}"
EndProject
Project("{9A19103F-16F7-4668-BE54-9A1E7A4F7556}") = "FortyThreeLime.Repository", "FortyThreeLime.Repository\FortyThreeLime.Repository.csproj", "{AA18643B-113D-4910-9A22-48C612F5E352}"
EndProject
Project("{9A19103F-16F7-4668-BE54-9A1E7A4F7556}") = "FortyThreeLime.Logging", "FortyThreeLime.Logging\FortyThreeLime.Logging.csproj", "{52DB32D8-202D-4F70-9DE2-9AC7DDD11059}"
EndProject
Project("{9A19103F-16F7-4668-BE54-9A1E7A4F7556}") = "FortyThreeLime.API", "FortyThreeLime.API\FortyThreeLime.API.csproj", "{722E427C-B683-4C28-A005-0DCCFE4295ED}"
EndProject
Project("{2150E333-8FDC-42A3-9474-1A3956D46DE8}") = "Solution Items", "Solution Items", "{704B02A6-8546-4D07-807F-0DAD62703CDE}"
	ProjectSection(SolutionItems) = preProject
		.editorconfig = .editorconfig
	EndProjectSection
EndProject
Project("{9A19103F-16F7-4668-BE54-9A1E7A4F7556}") = "FortyThreeLime.Admin", "FortyThreeLime.Admin\FortyThreeLime.Admin.csproj", "{981F66BA-216C-4C3B-9C18-198F65114E70}"
EndProject
Project("{FAE04EC0-301F-11D3-BF4B-00C04F79EFBC}") = "FortyThreeLime.WebServices", "FortyThreeLime.WebServices\FortyThreeLime.WebServices.csproj", "{5DFBC074-F8F7-4AE9-8CB7-2717BCF12436}"
EndProject
Project("{FAE04EC0-301F-11D3-BF4B-00C04F79EFBC}") = "FortyThreeLime.Android", "FortyThreeLime.Android\FortyThreeLime.Android.csproj", "{786F4D17-7EBC-4799-845E-39BFB1CBB582}"
EndProject
Global
	GlobalSection(SolutionConfigurationPlatforms) = preSolution
		Debug|Any CPU = Debug|Any CPU
		Release|Any CPU = Release|Any CPU
	EndGlobalSection
	GlobalSection(ProjectConfigurationPlatforms) = postSolution
		{A1AF6649-B05C-4D2C-9B39-AD49D5BD4A25}.Debug|Any CPU.ActiveCfg = Debug|Any CPU
		{A1AF6649-B05C-4D2C-9B39-AD49D5BD4A25}.Debug|Any CPU.Build.0 = Debug|Any CPU
		{A1AF6649-B05C-4D2C-9B39-AD49D5BD4A25}.Release|Any CPU.ActiveCfg = Release|Any CPU
		{A1AF6649-B05C-4D2C-9B39-AD49D5BD4A25}.Release|Any CPU.Build.0 = Release|Any CPU
		{749B0BD4-8DEE-40E4-91B2-929FFD027CAC}.Debug|Any CPU.ActiveCfg = Debug|Any CPU
		{749B0BD4-8DEE-40E4-91B2-929FFD027CAC}.Debug|Any CPU.Build.0 = Debug|Any CPU
		{749B0BD4-8DEE-40E4-91B2-929FFD027CAC}.Release|Any CPU.ActiveCfg = Release|Any CPU
		{749B0BD4-8DEE-40E4-91B2-929FFD027CAC}.Release|Any CPU.Build.0 = Release|Any CPU
		{AA18643B-113D-4910-9A22-48C612F5E352}.Debug|Any CPU.ActiveCfg = Debug|Any CPU
		{AA18643B-113D-4910-9A22-48C612F5E352}.Debug|Any CPU.Build.0 = Debug|Any CPU
		{AA18643B-113D-4910-9A22-48C612F5E352}.Release|Any CPU.ActiveCfg = Release|Any CPU
		{AA18643B-113D-4910-9A22-48C612F5E352}.Release|Any CPU.Build.0 = Release|Any CPU
		{52DB32D8-202D-4F70-9DE2-9AC7DDD11059}.Debug|Any CPU.ActiveCfg = Debug|Any CPU
		{52DB32D8-202D-4F70-9DE2-9AC7DDD11059}.Debug|Any CPU.Build.0 = Debug|Any CPU
		{52DB32D8-202D-4F70-9DE2-9AC7DDD11059}.Release|Any CPU.ActiveCfg = Release|Any CPU
		{52DB32D8-202D-4F70-9DE2-9AC7DDD11059}.Release|Any CPU.Build.0 = Release|Any CPU
		{722E427C-B683-4C28-A005-0DCCFE4295ED}.Debug|Any CPU.ActiveCfg = Debug|Any CPU
		{722E427C-B683-4C28-A005-0DCCFE4295ED}.Debug|Any CPU.Build.0 = Debug|Any CPU
		{722E427C-B683-4C28-A005-0DCCFE4295ED}.Release|Any CPU.ActiveCfg = Release|Any CPU
		{722E427C-B683-4C28-A005-0DCCFE4295ED}.Release|Any CPU.Build.0 = Release|Any CPU
		{981F66BA-216C-4C3B-9C18-198F65114E70}.Debug|Any CPU.ActiveCfg = Debug|Any CPU
		{981F66BA-216C-4C3B-9C18-198F65114E70}.Debug|Any CPU.Build.0 = Debug|Any CPU
		{981F66BA-216C-4C3B-9C18-198F65114E70}.Release|Any CPU.ActiveCfg = Release|Any CPU
		{981F66BA-216C-4C3B-9C18-198F65114E70}.Release|Any CPU.Build.0 = Release|Any CPU
		{5DFBC074-F8F7-4AE9-8CB7-2717BCF12436}.Debug|Any CPU.ActiveCfg = Debug|Any CPU
		{5DFBC074-F8F7-4AE9-8CB7-2717BCF12436}.Debug|Any CPU.Build.0 = Debug|Any CPU
		{5DFBC074-F8F7-4AE9-8CB7-2717BCF12436}.Release|Any CPU.ActiveCfg = Release|Any CPU
		{5DFBC074-F8F7-4AE9-8CB7-2717BCF12436}.Release|Any CPU.Build.0 = Release|Any CPU
		{786F4D17-7EBC-4799-845E-39BFB1CBB582}.Debug|Any CPU.ActiveCfg = Debug|Any CPU
		{786F4D17-7EBC-4799-845E-39BFB1CBB582}.Debug|Any CPU.Build.0 = Debug|Any CPU
		{786F4D17-7EBC-4799-845E-39BFB1CBB582}.Debug|Any CPU.Deploy.0 = Debug|Any CPU
		{786F4D17-7EBC-4799-845E-39BFB1CBB582}.Release|Any CPU.ActiveCfg = Release|Any CPU
		{786F4D17-7EBC-4799-845E-39BFB1CBB582}.Release|Any CPU.Build.0 = Release|Any CPU
		{786F4D17-7EBC-4799-845E-39BFB1CBB582}.Release|Any CPU.Deploy.0 = Release|Any CPU
	EndGlobalSection
	GlobalSection(SolutionProperties) = preSolution
		HideSolutionNode = FALSE
	EndGlobalSection
	GlobalSection(ExtensibilityGlobals) = postSolution
		SolutionGuid = {1DDB9139-0D9C-4935-8850-211A92E5CC3F}
	EndGlobalSection
EndGlobal
